
Microsoft Visual Studio Solution File, Format Version 12.00
# Visual Studio Version 16
VisualStudioVersion = 16.0.32901.82
MinimumVisualStudioVersion = 10.0.40219.1
Project("{FAE04EC0-301F-11D3-BF4B-00C04F79EFBC}") = "Projecte_ejercicio3", "Projecte_ejercicio3\Projecte_ejercicio3.csproj", "{78DCB5EC-C871-43AE-8031-02CD2C976D7C}"
EndProject
Global
	GlobalSection(SolutionConfigurationPlatforms) = preSolution
		Debug|Any CPU = Debug|Any CPU
		Release|Any CPU = Release|Any CPU
	EndGlobalSection
	GlobalSection(ProjectConfigurationPlatforms) = postSolution
		{78DCB5EC-C871-43AE-8031-02CD2C976D7C}.Debug|Any CPU.ActiveCfg = Debug|Any CPU
		{78DCB5EC-C871-43AE-8031-02CD2C976D7C}.Debug|Any CPU.Build.0 = Debug|Any CPU
		{78DCB5EC-C871-43AE-8031-02CD2C976D7C}.Release|Any CPU.ActiveCfg = Release|Any CPU
		{78DCB5EC-C871-43AE-8031-02CD2C976D7C}.Release|Any CPU.Build.0 = Release|Any CPU
	EndGlobalSection
	GlobalSection(SolutionProperties) = preSolution
		HideSolutionNode = FALSE
	EndGlobalSection
	GlobalSection(ExtensibilityGlobals) = postSolution
		SolutionGuid = {82CE5419-95E2-452B-98FE-17B74F9CAA57}
	EndGlobalSection
EndGlobal
